// !$*UTF8*$!
{
	archiveVersion = 1;
	classes = {
	};
	objectVersion = 50;
	objects = {

/* Begin PBXBuildFile section */
		1F5834B821760C6900570DD2 /* AudioToolbox.framework in Frameworks */ = {isa = PBXBuildFile; fileRef = 1F5834B721760C6900570DD2 /* AudioToolbox.framework */; };
		1F5834BA21760C7D00570DD2 /* SystemConfiguration.framework in Frameworks */ = {isa = PBXBuildFile; fileRef = 1F5834B921760C7D00570DD2 /* SystemConfiguration.framework */; };
		1F5834C0218064E800570DD2 /* UserPageView.swift in Sources */ = {isa = PBXBuildFile; fileRef = 1F5834BF218064E800570DD2 /* UserPageView.swift */; };
		1FD526F4216B587300578BE4 /* AppDelegate.swift in Sources */ = {isa = PBXBuildFile; fileRef = 1FD526F3216B587300578BE4 /* AppDelegate.swift */; };
		1FD526F6216B587300578BE4 /* ViewController.swift in Sources */ = {isa = PBXBuildFile; fileRef = 1FD526F5216B587300578BE4 /* ViewController.swift */; };
		1FD526F9216B587300578BE4 /* Main.storyboard in Resources */ = {isa = PBXBuildFile; fileRef = 1FD526F7216B587300578BE4 /* Main.storyboard */; };
		1FD526FB216B587500578BE4 /* Assets.xcassets in Resources */ = {isa = PBXBuildFile; fileRef = 1FD526FA216B587500578BE4 /* Assets.xcassets */; };
		1FD526FE216B587500578BE4 /* LaunchScreen.storyboard in Resources */ = {isa = PBXBuildFile; fileRef = 1FD526FC216B587500578BE4 /* LaunchScreen.storyboard */; };
		1FD52709216B587500578BE4 /* ShareTheBookTests.swift in Sources */ = {isa = PBXBuildFile; fileRef = 1FD52708216B587500578BE4 /* ShareTheBookTests.swift */; };
		1FD52714216B587500578BE4 /* ShareTheBookUITests.swift in Sources */ = {isa = PBXBuildFile; fileRef = 1FD52713216B587500578BE4 /* ShareTheBookUITests.swift */; };
		7B786C6F6ADDCCC4141AC95B /* Pods_ShareTheBook.framework in Frameworks */ = {isa = PBXBuildFile; fileRef = 38E292E6728082C14830E221 /* Pods_ShareTheBook.framework */; };
/* End PBXBuildFile section */

/* Begin PBXContainerItemProxy section */
		1FD52705216B587500578BE4 /* PBXContainerItemProxy */ = {
			isa = PBXContainerItemProxy;
			containerPortal = 1FD526E8216B587300578BE4 /* Project object */;
			proxyType = 1;
			remoteGlobalIDString = 1FD526EF216B587300578BE4;
			remoteInfo = ShareTheBook;
		};
		1FD52710216B587500578BE4 /* PBXContainerItemProxy */ = {
			isa = PBXContainerItemProxy;
			containerPortal = 1FD526E8216B587300578BE4 /* Project object */;
			proxyType = 1;
			remoteGlobalIDString = 1FD526EF216B587300578BE4;
			remoteInfo = ShareTheBook;
		};
/* End PBXContainerItemProxy section */

/* Begin PBXFileReference section */
		1F5834B721760C6900570DD2 /* AudioToolbox.framework */ = {isa = PBXFileReference; lastKnownFileType = wrapper.framework; name = AudioToolbox.framework; path = System/Library/Frameworks/AudioToolbox.framework; sourceTree = SDKROOT; };
		1F5834B921760C7D00570DD2 /* SystemConfiguration.framework */ = {isa = PBXFileReference; lastKnownFileType = wrapper.framework; name = SystemConfiguration.framework; path = System/Library/Frameworks/SystemConfiguration.framework; sourceTree = SDKROOT; };
		1F5834BF218064E800570DD2 /* UserPageView.swift */ = {isa = PBXFileReference; lastKnownFileType = sourcecode.swift; path = UserPageView.swift; sourceTree = "<group>"; };
		1FD526F0216B587300578BE4 /* ShareTheBook.app */ = {isa = PBXFileReference; explicitFileType = wrapper.application; includeInIndex = 0; path = ShareTheBook.app; sourceTree = BUILT_PRODUCTS_DIR; };
		1FD526F3216B587300578BE4 /* AppDelegate.swift */ = {isa = PBXFileReference; lastKnownFileType = sourcecode.swift; path = AppDelegate.swift; sourceTree = "<group>"; };
		1FD526F5216B587300578BE4 /* ViewController.swift */ = {isa = PBXFileReference; lastKnownFileType = sourcecode.swift; path = ViewController.swift; sourceTree = "<group>"; };
		1FD526F8216B587300578BE4 /* Base */ = {isa = PBXFileReference; lastKnownFileType = file.storyboard; name = Base; path = Base.lproj/Main.storyboard; sourceTree = "<group>"; };
		1FD526FA216B587500578BE4 /* Assets.xcassets */ = {isa = PBXFileReference; lastKnownFileType = folder.assetcatalog; path = Assets.xcassets; sourceTree = "<group>"; };
		1FD526FD216B587500578BE4 /* Base */ = {isa = PBXFileReference; lastKnownFileType = file.storyboard; name = Base; path = Base.lproj/LaunchScreen.storyboard; sourceTree = "<group>"; };
		1FD526FF216B587500578BE4 /* Info.plist */ = {isa = PBXFileReference; lastKnownFileType = text.plist.xml; path = Info.plist; sourceTree = "<group>"; };
		1FD52704216B587500578BE4 /* ShareTheBookTests.xctest */ = {isa = PBXFileReference; explicitFileType = wrapper.cfbundle; includeInIndex = 0; path = ShareTheBookTests.xctest; sourceTree = BUILT_PRODUCTS_DIR; };
		1FD52708216B587500578BE4 /* ShareTheBookTests.swift */ = {isa = PBXFileReference; lastKnownFileType = sourcecode.swift; path = ShareTheBookTests.swift; sourceTree = "<group>"; };
		1FD5270A216B587500578BE4 /* Info.plist */ = {isa = PBXFileReference; lastKnownFileType = text.plist.xml; path = Info.plist; sourceTree = "<group>"; };
		1FD5270F216B587500578BE4 /* ShareTheBookUITests.xctest */ = {isa = PBXFileReference; explicitFileType = wrapper.cfbundle; includeInIndex = 0; path = ShareTheBookUITests.xctest; sourceTree = BUILT_PRODUCTS_DIR; };
		1FD52713216B587500578BE4 /* ShareTheBookUITests.swift */ = {isa = PBXFileReference; lastKnownFileType = sourcecode.swift; path = ShareTheBookUITests.swift; sourceTree = "<group>"; };
		1FD52715216B587500578BE4 /* Info.plist */ = {isa = PBXFileReference; lastKnownFileType = text.plist.xml; path = Info.plist; sourceTree = "<group>"; };
		1FF7DA596DCC8A46A8BC5776 /* Pods-ShareTheBook.release.xcconfig */ = {isa = PBXFileReference; includeInIndex = 1; lastKnownFileType = text.xcconfig; name = "Pods-ShareTheBook.release.xcconfig"; path = "Pods/Target Support Files/Pods-ShareTheBook/Pods-ShareTheBook.release.xcconfig"; sourceTree = "<group>"; };
		38E292E6728082C14830E221 /* Pods_ShareTheBook.framework */ = {isa = PBXFileReference; explicitFileType = wrapper.framework; includeInIndex = 0; path = Pods_ShareTheBook.framework; sourceTree = BUILT_PRODUCTS_DIR; };
		999C9F578799C229A43A9C89 /* Pods-ShareTheBook.debug.xcconfig */ = {isa = PBXFileReference; includeInIndex = 1; lastKnownFileType = text.xcconfig; name = "Pods-ShareTheBook.debug.xcconfig"; path = "Pods/Target Support Files/Pods-ShareTheBook/Pods-ShareTheBook.debug.xcconfig"; sourceTree = "<group>"; };
/* End PBXFileReference section */

/* Begin PBXFrameworksBuildPhase section */
		1FD526ED216B587300578BE4 /* Frameworks */ = {
			isa = PBXFrameworksBuildPhase;
			buildActionMask = 2147483647;
			files = (
				1F5834BA21760C7D00570DD2 /* SystemConfiguration.framework in Frameworks */,
				1F5834B821760C6900570DD2 /* AudioToolbox.framework in Frameworks */,
				7B786C6F6ADDCCC4141AC95B /* Pods_ShareTheBook.framework in Frameworks */,
			);
			runOnlyForDeploymentPostprocessing = 0;
		};
		1FD52701216B587500578BE4 /* Frameworks */ = {
			isa = PBXFrameworksBuildPhase;
			buildActionMask = 2147483647;
			files = (
			);
			runOnlyForDeploymentPostprocessing = 0;
		};
		1FD5270C216B587500578BE4 /* Frameworks */ = {
			isa = PBXFrameworksBuildPhase;
			buildActionMask = 2147483647;
			files = (
			);
			runOnlyForDeploymentPostprocessing = 0;
		};
/* End PBXFrameworksBuildPhase section */

/* Begin PBXGroup section */
		1F0E0C6421748653004FE40F /* Frameworks */ = {
			isa = PBXGroup;
			children = (
				1F5834B921760C7D00570DD2 /* SystemConfiguration.framework */,
				1F5834B721760C6900570DD2 /* AudioToolbox.framework */,
				38E292E6728082C14830E221 /* Pods_ShareTheBook.framework */,
			);
			name = Frameworks;
			sourceTree = "<group>";
		};
		1FD526E7216B587300578BE4 = {
			isa = PBXGroup;
			children = (
				1FD526F2216B587300578BE4 /* ShareTheBook */,
				1FD52707216B587500578BE4 /* ShareTheBookTests */,
				1FD52712216B587500578BE4 /* ShareTheBookUITests */,
				1FD526F1216B587300578BE4 /* Products */,
				1F0E0C6421748653004FE40F /* Frameworks */,
				9654CD4C3A3834ADAC2A6F9D /* Pods */,
			);
			sourceTree = "<group>";
		};
		1FD526F1216B587300578BE4 /* Products */ = {
			isa = PBXGroup;
			children = (
				1FD526F0216B587300578BE4 /* ShareTheBook.app */,
				1FD52704216B587500578BE4 /* ShareTheBookTests.xctest */,
				1FD5270F216B587500578BE4 /* ShareTheBookUITests.xctest */,
			);
			name = Products;
			sourceTree = "<group>";
		};
		1FD526F2216B587300578BE4 /* ShareTheBook */ = {
			isa = PBXGroup;
			children = (
				1FD526F3216B587300578BE4 /* AppDelegate.swift */,
				1FD526F5216B587300578BE4 /* ViewController.swift */,
				1FD526F7216B587300578BE4 /* Main.storyboard */,
				1FD526FA216B587500578BE4 /* Assets.xcassets */,
				1FD526FC216B587500578BE4 /* LaunchScreen.storyboard */,
				1FD526FF216B587500578BE4 /* Info.plist */,
				1F5834BF218064E800570DD2 /* UserPageView.swift */,
			);
			path = ShareTheBook;
			sourceTree = "<group>";
		};
		1FD52707216B587500578BE4 /* ShareTheBookTests */ = {
			isa = PBXGroup;
			children = (
				1FD52708216B587500578BE4 /* ShareTheBookTests.swift */,
				1FD5270A216B587500578BE4 /* Info.plist */,
			);
			path = ShareTheBookTests;
			sourceTree = "<group>";
		};
		1FD52712216B587500578BE4 /* ShareTheBookUITests */ = {
			isa = PBXGroup;
			children = (
				1FD52713216B587500578BE4 /* ShareTheBookUITests.swift */,
				1FD52715216B587500578BE4 /* Info.plist */,
			);
			path = ShareTheBookUITests;
			sourceTree = "<group>";
		};
		9654CD4C3A3834ADAC2A6F9D /* Pods */ = {
			isa = PBXGroup;
			children = (
				999C9F578799C229A43A9C89 /* Pods-ShareTheBook.debug.xcconfig */,
				1FF7DA596DCC8A46A8BC5776 /* Pods-ShareTheBook.release.xcconfig */,
			);
			name = Pods;
			sourceTree = "<group>";
		};
/* End PBXGroup section */

/* Begin PBXNativeTarget section */
		1FD526EF216B587300578BE4 /* ShareTheBook */ = {
			isa = PBXNativeTarget;
			buildConfigurationList = 1FD52718216B587500578BE4 /* Build configuration list for PBXNativeTarget "ShareTheBook" */;
			buildPhases = (
				60ABEC18C0DD0F39AAD11518 /* [CP] Check Pods Manifest.lock */,
				1FD526EC216B587300578BE4 /* Sources */,
				1FD526ED216B587300578BE4 /* Frameworks */,
				1FD526EE216B587300578BE4 /* Resources */,
				0EC30A4D23E279AE56D41F01 /* [CP] Embed Pods Frameworks */,
			);
			buildRules = (
			);
			dependencies = (
			);
			name = ShareTheBook;
			productName = ShareTheBook;
			productReference = 1FD526F0216B587300578BE4 /* ShareTheBook.app */;
			productType = "com.apple.product-type.application";
		};
		1FD52703216B587500578BE4 /* ShareTheBookTests */ = {
			isa = PBXNativeTarget;
			buildConfigurationList = 1FD5271B216B587500578BE4 /* Build configuration list for PBXNativeTarget "ShareTheBookTests" */;
			buildPhases = (
				1FD52700216B587500578BE4 /* Sources */,
				1FD52701216B587500578BE4 /* Frameworks */,
				1FD52702216B587500578BE4 /* Resources */,
			);
			buildRules = (
			);
			dependencies = (
				1FD52706216B587500578BE4 /* PBXTargetDependency */,
			);
			name = ShareTheBookTests;
			productName = ShareTheBookTests;
			productReference = 1FD52704216B587500578BE4 /* ShareTheBookTests.xctest */;
			productType = "com.apple.product-type.bundle.unit-test";
		};
		1FD5270E216B587500578BE4 /* ShareTheBookUITests */ = {
			isa = PBXNativeTarget;
			buildConfigurationList = 1FD5271E216B587500578BE4 /* Build configuration list for PBXNativeTarget "ShareTheBookUITests" */;
			buildPhases = (
				1FD5270B216B587500578BE4 /* Sources */,
				1FD5270C216B587500578BE4 /* Frameworks */,
				1FD5270D216B587500578BE4 /* Resources */,
			);
			buildRules = (
			);
			dependencies = (
				1FD52711216B587500578BE4 /* PBXTargetDependency */,
			);
			name = ShareTheBookUITests;
			productName = ShareTheBookUITests;
			productReference = 1FD5270F216B587500578BE4 /* ShareTheBookUITests.xctest */;
			productType = "com.apple.product-type.bundle.ui-testing";
		};
/* End PBXNativeTarget section */

/* Begin PBXProject section */
		1FD526E8216B587300578BE4 /* Project object */ = {
			isa = PBXProject;
			attributes = {
				LastSwiftUpdateCheck = 1000;
				LastUpgradeCheck = 1000;
				ORGANIZATIONNAME = "Galina Gainetdinova";
				TargetAttributes = {
					1FD526EF216B587300578BE4 = {
						CreatedOnToolsVersion = 10.0;
					};
					1FD52703216B587500578BE4 = {
						CreatedOnToolsVersion = 10.0;
						TestTargetID = 1FD526EF216B587300578BE4;
					};
					1FD5270E216B587500578BE4 = {
						CreatedOnToolsVersion = 10.0;
						TestTargetID = 1FD526EF216B587300578BE4;
					};
				};
			};
			buildConfigurationList = 1FD526EB216B587300578BE4 /* Build configuration list for PBXProject "ShareTheBook" */;
			compatibilityVersion = "Xcode 9.3";
			developmentRegion = en;
			hasScannedForEncodings = 0;
			knownRegions = (
				en,
				Base,
			);
			mainGroup = 1FD526E7216B587300578BE4;
			productRefGroup = 1FD526F1216B587300578BE4 /* Products */;
			projectDirPath = "";
			projectRoot = "";
			targets = (
				1FD526EF216B587300578BE4 /* ShareTheBook */,
				1FD52703216B587500578BE4 /* ShareTheBookTests */,
				1FD5270E216B587500578BE4 /* ShareTheBookUITests */,
			);
		};
/* End PBXProject section */

/* Begin PBXResourcesBuildPhase section */
		1FD526EE216B587300578BE4 /* Resources */ = {
			isa = PBXResourcesBuildPhase;
			buildActionMask = 2147483647;
			files = (
				1FD526FE216B587500578BE4 /* LaunchScreen.storyboard in Resources */,
				1FD526FB216B587500578BE4 /* Assets.xcassets in Resources */,
				1FD526F9216B587300578BE4 /* Main.storyboard in Resources */,
			);
			runOnlyForDeploymentPostprocessing = 0;
		};
		1FD52702216B587500578BE4 /* Resources */ = {
			isa = PBXResourcesBuildPhase;
			buildActionMask = 2147483647;
			files = (
			);
			runOnlyForDeploymentPostprocessing = 0;
		};
		1FD5270D216B587500578BE4 /* Resources */ = {
			isa = PBXResourcesBuildPhase;
			buildActionMask = 2147483647;
			files = (
			);
			runOnlyForDeploymentPostprocessing = 0;
		};
/* End PBXResourcesBuildPhase section */

/* Begin PBXShellScriptBuildPhase section */
		0EC30A4D23E279AE56D41F01 /* [CP] Embed Pods Frameworks */ = {
			isa = PBXShellScriptBuildPhase;
			buildActionMask = 2147483647;
			files = (
			);
			inputFileListPaths = (
			);
			inputPaths = (
				"${SRCROOT}/Pods/Target Support Files/Pods-ShareTheBook/Pods-ShareTheBook-frameworks.sh",
				"${BUILT_PRODUCTS_DIR}/Bolts/Bolts.framework",
				"${BUILT_PRODUCTS_DIR}/Parse/Parse.framework",
			);
			name = "[CP] Embed Pods Frameworks";
			outputFileListPaths = (
			);
			outputPaths = (
				"${TARGET_BUILD_DIR}/${FRAMEWORKS_FOLDER_PATH}/Bolts.framework",
				"${TARGET_BUILD_DIR}/${FRAMEWORKS_FOLDER_PATH}/Parse.framework",
			);
			runOnlyForDeploymentPostprocessing = 0;
			shellPath = /bin/sh;
			shellScript = "\"${SRCROOT}/Pods/Target Support Files/Pods-ShareTheBook/Pods-ShareTheBook-frameworks.sh\"\n";
			showEnvVarsInLog = 0;
		};
		60ABEC18C0DD0F39AAD11518 /* [CP] Check Pods Manifest.lock */ = {
			isa = PBXShellScriptBuildPhase;
			buildActionMask = 2147483647;
			files = (
			);
			inputFileListPaths = (
			);
			inputPaths = (
				"${PODS_PODFILE_DIR_PATH}/Podfile.lock",
				"${PODS_ROOT}/Manifest.lock",
			);
			name = "[CP] Check Pods Manifest.lock";
			outputFileListPaths = (
			);
			outputPaths = (
				"$(DERIVED_FILE_DIR)/Pods-ShareTheBook-checkManifestLockResult.txt",
			);
			runOnlyForDeploymentPostprocessing = 0;
			shellPath = /bin/sh;
			shellScript = "diff \"${PODS_PODFILE_DIR_PATH}/Podfile.lock\" \"${PODS_ROOT}/Manifest.lock\" > /dev/null\nif [ $? != 0 ] ; then\n    # print error to STDERR\n    echo \"error: The sandbox is not in sync with the Podfile.lock. Run 'pod install' or update your CocoaPods installation.\" >&2\n    exit 1\nfi\n# This output is used by Xcode 'outputs' to avoid re-running this script phase.\necho \"SUCCESS\" > \"${SCRIPT_OUTPUT_FILE_0}\"\n";
			showEnvVarsInLog = 0;
		};
/* End PBXShellScriptBuildPhase section */

/* Begin PBXSourcesBuildPhase section */
		1FD526EC216B587300578BE4 /* Sources */ = {
			isa = PBXSourcesBuildPhase;
			buildActionMask = 2147483647;
			files = (
				1FD526F6216B587300578BE4 /* ViewController.swift in Sources */,
				1F5834C0218064E800570DD2 /* UserPageView.swift in Sources */,
				1FD526F4216B587300578BE4 /* AppDelegate.swift in Sources */,
			);
			runOnlyForDeploymentPostprocessing = 0;
		};
		1FD52700216B587500578BE4 /* Sources */ = {
			isa = PBXSourcesBuildPhase;
			buildActionMask = 2147483647;
			files = (
				1FD52709216B587500578BE4 /* ShareTheBookTests.swift in Sources */,
			);
			runOnlyForDeploymentPostprocessing = 0;
		};
		1FD5270B216B587500578BE4 /* Sources */ = {
			isa = PBXSourcesBuildPhase;
			buildActionMask = 2147483647;
			files = (
				1FD52714216B587500578BE4 /* ShareTheBookUITests.swift in Sources */,
			);
			runOnlyForDeploymentPostprocessing = 0;
		};
/* End PBXSourcesBuildPhase section */

/* Begin PBXTargetDependency section */
		1FD52706216B587500578BE4 /* PBXTargetDependency */ = {
			isa = PBXTargetDependency;
			target = 1FD526EF216B587300578BE4 /* ShareTheBook */;
			targetProxy = 1FD52705216B587500578BE4 /* PBXContainerItemProxy */;
		};
		1FD52711216B587500578BE4 /* PBXTargetDependency */ = {
			isa = PBXTargetDependency;
			target = 1FD526EF216B587300578BE4 /* ShareTheBook */;
			targetProxy = 1FD52710216B587500578BE4 /* PBXContainerItemProxy */;
		};
/* End PBXTargetDependency section */

/* Begin PBXVariantGroup section */
		1FD526F7216B587300578BE4 /* Main.storyboard */ = {
			isa = PBXVariantGroup;
			children = (
				1FD526F8216B587300578BE4 /* Base */,
			);
			name = Main.storyboard;
			sourceTree = "<group>";
		};
		1FD526FC216B587500578BE4 /* LaunchScreen.storyboard */ = {
			isa = PBXVariantGroup;
			children = (
				1FD526FD216B587500578BE4 /* Base */,
			);
			name = LaunchScreen.storyboard;
			sourceTree = "<group>";
		};
/* End PBXVariantGroup section */

/* Begin XCBuildConfiguration section */
		1FD52716216B587500578BE4 /* Debug */ = {
			isa = XCBuildConfiguration;
			buildSettings = {
				ALWAYS_SEARCH_USER_PATHS = NO;
				CLANG_ANALYZER_NONNULL = YES;
				CLANG_ANALYZER_NUMBER_OBJECT_CONVERSION = YES_AGGRESSIVE;
				CLANG_CXX_LANGUAGE_STANDARD = "gnu++14";
				CLANG_CXX_LIBRARY = "libc++";
				CLANG_ENABLE_MODULES = YES;
				CLANG_ENABLE_OBJC_ARC = YES;
				CLANG_ENABLE_OBJC_WEAK = YES;
				CLANG_WARN_BLOCK_CAPTURE_AUTORELEASING = YES;
				CLANG_WARN_BOOL_CONVERSION = YES;
				CLANG_WARN_COMMA = YES;
				CLANG_WARN_CONSTANT_CONVERSION = YES;
				CLANG_WARN_DEPRECATED_OBJC_IMPLEMENTATIONS = YES;
				CLANG_WARN_DIRECT_OBJC_ISA_USAGE = YES_ERROR;
				CLANG_WARN_DOCUMENTATION_COMMENTS = YES;
				CLANG_WARN_EMPTY_BODY = YES;
				CLANG_WARN_ENUM_CONVERSION = YES;
				CLANG_WARN_INFINITE_RECURSION = YES;
				CLANG_WARN_INT_CONVERSION = YES;
				CLANG_WARN_NON_LITERAL_NULL_CONVERSION = YES;
				CLANG_WARN_OBJC_IMPLICIT_RETAIN_SELF = YES;
				CLANG_WARN_OBJC_LITERAL_CONVERSION = YES;
				CLANG_WARN_OBJC_ROOT_CLASS = YES_ERROR;
				CLANG_WARN_RANGE_LOOP_ANALYSIS = YES;
				CLANG_WARN_STRICT_PROTOTYPES = YES;
				CLANG_WARN_SUSPICIOUS_MOVE = YES;
				CLANG_WARN_UNGUARDED_AVAILABILITY = YES_AGGRESSIVE;
				CLANG_WARN_UNREACHABLE_CODE = YES;
				CLANG_WARN__DUPLICATE_METHOD_MATCH = YES;
				CODE_SIGN_IDENTITY = "iPhone Developer";
				COPY_PHASE_STRIP = NO;
				DEBUG_INFORMATION_FORMAT = dwarf;
				ENABLE_STRICT_OBJC_MSGSEND = YES;
				ENABLE_TESTABILITY = YES;
				GCC_C_LANGUAGE_STANDARD = gnu11;
				GCC_DYNAMIC_NO_PIC = NO;
				GCC_NO_COMMON_BLOCKS = YES;
				GCC_OPTIMIZATION_LEVEL = 0;
				GCC_PREPROCESSOR_DEFINITIONS = (
					"DEBUG=1",
					"$(inherited)",
				);
				GCC_WARN_64_TO_32_BIT_CONVERSION = YES;
				GCC_WARN_ABOUT_RETURN_TYPE = YES_ERROR;
				GCC_WARN_UNDECLARED_SELECTOR = YES;
				GCC_WARN_UNINITIALIZED_AUTOS = YES_AGGRESSIVE;
				GCC_WARN_UNUSED_FUNCTION = YES;
				GCC_WARN_UNUSED_VARIABLE = YES;
				IPHONEOS_DEPLOYMENT_TARGET = 12.0;
				MTL_ENABLE_DEBUG_INFO = INCLUDE_SOURCE;
				MTL_FAST_MATH = YES;
				ONLY_ACTIVE_ARCH = YES;
				SDKROOT = iphoneos;
				SWIFT_ACTIVE_COMPILATION_CONDITIONS = DEBUG;
				SWIFT_OPTIMIZATION_LEVEL = "-Onone";
			};
			name = Debug;
		};
		1FD52717216B587500578BE4 /* Release */ = {
			isa = XCBuildConfiguration;
			buildSettings = {
				ALWAYS_SEARCH_USER_PATHS = NO;
				CLANG_ANALYZER_NONNULL = YES;
				CLANG_ANALYZER_NUMBER_OBJECT_CONVERSION = YES_AGGRESSIVE;
				CLANG_CXX_LANGUAGE_STANDARD = "gnu++14";
				CLANG_CXX_LIBRARY = "libc++";
				CLANG_ENABLE_MODULES = YES;
				CLANG_ENABLE_OBJC_ARC = YES;
				CLANG_ENABLE_OBJC_WEAK = YES;
				CLANG_WARN_BLOCK_CAPTURE_AUTORELEASING = YES;
				CLANG_WARN_BOOL_CONVERSION = YES;
				CLANG_WARN_COMMA = YES;
				CLANG_WARN_CONSTANT_CONVERSION = YES;
				CLANG_WARN_DEPRECATED_OBJC_IMPLEMENTATIONS = YES;
				CLANG_WARN_DIRECT_OBJC_ISA_USAGE = YES_ERROR;
				CLANG_WARN_DOCUMENTATION_COMMENTS = YES;
				CLANG_WARN_EMPTY_BODY = YES;
				CLANG_WARN_ENUM_CONVERSION = YES;
				CLANG_WARN_INFINITE_RECURSION = YES;
				CLANG_WARN_INT_CONVERSION = YES;
				CLANG_WARN_NON_LITERAL_NULL_CONVERSION = YES;
				CLANG_WARN_OBJC_IMPLICIT_RETAIN_SELF = YES;
				CLANG_WARN_OBJC_LITERAL_CONVERSION = YES;
				CLANG_WARN_OBJC_ROOT_CLASS = YES_ERROR;
				CLANG_WARN_RANGE_LOOP_ANALYSIS = YES;
				CLANG_WARN_STRICT_PROTOTYPES = YES;
				CLANG_WARN_SUSPICIOUS_MOVE = YES;
				CLANG_WARN_UNGUARDED_AVAILABILITY = YES_AGGRESSIVE;
				CLANG_WARN_UNREACHABLE_CODE = YES;
				CLANG_WARN__DUPLICATE_METHOD_MATCH = YES;
				CODE_SIGN_IDENTITY = "iPhone Developer";
				COPY_PHASE_STRIP = NO;
				DEBUG_INFORMATION_FORMAT = "dwarf-with-dsym";
				ENABLE_NS_ASSERTIONS = NO;
				ENABLE_STRICT_OBJC_MSGSEND = YES;
				GCC_C_LANGUAGE_STANDARD = gnu11;
				GCC_NO_COMMON_BLOCKS = YES;
				GCC_WARN_64_TO_32_BIT_CONVERSION = YES;
				GCC_WARN_ABOUT_RETURN_TYPE = YES_ERROR;
				GCC_WARN_UNDECLARED_SELECTOR = YES;
				GCC_WARN_UNINITIALIZED_AUTOS = YES_AGGRESSIVE;
				GCC_WARN_UNUSED_FUNCTION = YES;
				GCC_WARN_UNUSED_VARIABLE = YES;
				IPHONEOS_DEPLOYMENT_TARGET = 12.0;
				MTL_ENABLE_DEBUG_INFO = NO;
				MTL_FAST_MATH = YES;
				SDKROOT = iphoneos;
				SWIFT_COMPILATION_MODE = wholemodule;
				SWIFT_OPTIMIZATION_LEVEL = "-O";
				VALIDATE_PRODUCT = YES;
			};
			name = Release;
		};
		1FD52719216B587500578BE4 /* Debug */ = {
			isa = XCBuildConfiguration;
			baseConfigurationReference = 999C9F578799C229A43A9C89 /* Pods-ShareTheBook.debug.xcconfig */;
			buildSettings = {
				ASSETCATALOG_COMPILER_APPICON_NAME = AppIcon;
				CODE_SIGN_STYLE = Automatic;
				FRAMEWORK_SEARCH_PATHS = (
					"$(inherited)",
					"$(PROJECT_DIR)",
				);
				INFOPLIST_FILE = ShareTheBook/Info.plist;
				LD_RUNPATH_SEARCH_PATHS = (
					"$(inherited)",
					"@executable_path/Frameworks",
				);
				ONLY_ACTIVE_ARCH = NO;
				PRODUCT_BUNDLE_IDENTIFIER = Galina.ShareTheBook;
				PRODUCT_NAME = "$(TARGET_NAME)";
				SWIFT_VERSION = 4.2;
				TARGETED_DEVICE_FAMILY = "1,2";
				VALID_ARCHS = "arm64 armv7 armv7s x86_64";
			};
			name = Debug;
		};
		1FD5271A216B587500578BE4 /* Release */ = {
			isa = XCBuildConfiguration;
			baseConfigurationReference = 1FF7DA596DCC8A46A8BC5776 /* Pods-ShareTheBook.release.xcconfig */;
			buildSettings = {
				ASSETCATALOG_COMPILER_APPICON_NAME = AppIcon;
				CODE_SIGN_STYLE = Automatic;
				FRAMEWORK_SEARCH_PATHS = (
					"$(inherited)",
					"$(PROJECT_DIR)",
				);
				INFOPLIST_FILE = ShareTheBook/Info.plist;
				LD_RUNPATH_SEARCH_PATHS = (
					"$(inherited)",
					"@executable_path/Frameworks",
				);
				PRODUCT_BUNDLE_IDENTIFIER = Galina.ShareTheBook;
				PRODUCT_NAME = "$(TARGET_NAME)";
				SWIFT_VERSION = 4.2;
				TARGETED_DEVICE_FAMILY = "1,2";
				VALID_ARCHS = "arm64 armv7 armv7s x86_64";
			};
			name = Release;
		};
		1FD5271C216B587500578BE4 /* Debug */ = {
			isa = XCBuildConfiguration;
			buildSettings = {
				ALWAYS_EMBED_SWIFT_STANDARD_LIBRARIES = YES;
				BUNDLE_LOADER = "$(TEST_HOST)";
				CODE_SIGN_STYLE = Automatic;
				INFOPLIST_FILE = ShareTheBookTests/Info.plist;
				LD_RUNPATH_SEARCH_PATHS = (
					"$(inherited)",
					"@executable_path/Frameworks",
					"@loader_path/Frameworks",
				);
				PRODUCT_BUNDLE_IDENTIFIER = Galina.ShareTheBookTests;
				PRODUCT_NAME = "$(TARGET_NAME)";
				SWIFT_VERSION = 4.2;
				TARGETED_DEVICE_FAMILY = "1,2";
				TEST_HOST = "$(BUILT_PRODUCTS_DIR)/ShareTheBook.app/ShareTheBook";
			};
			name = Debug;
		};
		1FD5271D216B587500578BE4 /* Release */ = {
			isa = XCBuildConfiguration;
			buildSettings = {
				ALWAYS_EMBED_SWIFT_STANDARD_LIBRARIES = YES;
				BUNDLE_LOADER = "$(TEST_HOST)";
				CODE_SIGN_STYLE = Automatic;
				INFOPLIST_FILE = ShareTheBookTests/Info.plist;
				LD_RUNPATH_SEARCH_PATHS = (
					"$(inherited)",
					"@executable_path/Frameworks",
					"@loader_path/Frameworks",
				);
				PRODUCT_BUNDLE_IDENTIFIER = Galina.ShareTheBookTests;
				PRODUCT_NAME = "$(TARGET_NAME)";
				SWIFT_VERSION = 4.2;
				TARGETED_DEVICE_FAMILY = "1,2";
				TEST_HOST = "$(BUILT_PRODUCTS_DIR)/ShareTheBook.app/ShareTheBook";
			};
			name = Release;
		};
		1FD5271F216B587500578BE4 /* Debug */ = {
			isa = XCBuildConfiguration;
			buildSettings = {
				ALWAYS_EMBED_SWIFT_STANDARD_LIBRARIES = YES;
				CODE_SIGN_STYLE = Automatic;
				INFOPLIST_FILE = ShareTheBookUITests/Info.plist;
				LD_RUNPATH_SEARCH_PATHS = (
					"$(inherited)",
					"@executable_path/Frameworks",
					"@loader_path/Frameworks",
				);
				PRODUCT_BUNDLE_IDENTIFIER = Galina.ShareTheBookUITests;
				PRODUCT_NAME = "$(TARGET_NAME)";
				SWIFT_VERSION = 4.2;
				TARGETED_DEVICE_FAMILY = "1,2";
				TEST_TARGET_NAME = ShareTheBook;
			};
			name = Debug;
		};
		1FD52720216B587500578BE4 /* Release */ = {
			isa = XCBuildConfiguration;
			buildSettings = {
				ALWAYS_EMBED_SWIFT_STANDARD_LIBRARIES = YES;
				CODE_SIGN_STYLE = Automatic;
				INFOPLIST_FILE = ShareTheBookUITests/Info.plist;
				LD_RUNPATH_SEARCH_PATHS = (
					"$(inherited)",
					"@executable_path/Frameworks",
					"@loader_path/Frameworks",
				);
				PRODUCT_BUNDLE_IDENTIFIER = Galina.ShareTheBookUITests;
				PRODUCT_NAME = "$(TARGET_NAME)";
				SWIFT_VERSION = 4.2;
				TARGETED_DEVICE_FAMILY = "1,2";
				TEST_TARGET_NAME = ShareTheBook;
			};
			name = Release;
		};
/* End XCBuildConfiguration section */

/* Begin XCConfigurationList section */
		1FD526EB216B587300578BE4 /* Build configuration list for PBXProject "ShareTheBook" */ = {
			isa = XCConfigurationList;
			buildConfigurations = (
				1FD52716216B587500578BE4 /* Debug */,
				1FD52717216B587500578BE4 /* Release */,
			);
			defaultConfigurationIsVisible = 0;
			defaultConfigurationName = Release;
		};
		1FD52718216B587500578BE4 /* Build configuration list for PBXNativeTarget "ShareTheBook" */ = {
			isa = XCConfigurationList;
			buildConfigurations = (
				1FD52719216B587500578BE4 /* Debug */,
				1FD5271A216B587500578BE4 /* Release */,
			);
			defaultConfigurationIsVisible = 0;
			defaultConfigurationName = Release;
		};
		1FD5271B216B587500578BE4 /* Build configuration list for PBXNativeTarget "ShareTheBookTests" */ = {
			isa = XCConfigurationList;
			buildConfigurations = (
				1FD5271C216B587500578BE4 /* Debug */,
				1FD5271D216B587500578BE4 /* Release */,
			);
			defaultConfigurationIsVisible = 0;
			defaultConfigurationName = Release;
		};
		1FD5271E216B587500578BE4 /* Build configuration list for PBXNativeTarget "ShareTheBookUITests" */ = {
			isa = XCConfigurationList;
			buildConfigurations = (
				1FD5271F216B587500578BE4 /* Debug */,
				1FD52720216B587500578BE4 /* Release */,
			);
			defaultConfigurationIsVisible = 0;
			defaultConfigurationName = Release;
		};
/* End XCConfigurationList section */
	};
	rootObject = 1FD526E8216B587300578BE4 /* Project object */;
}
